
Microsoft Visual Studio Solution File, Format Version 12.00
# Visual Studio Version 16
VisualStudioVersion = 16.0.31613.86
MinimumVisualStudioVersion = 10.0.40219.1
Project("{FAE04EC0-301F-11D3-BF4B-00C04F79EFBC}") = "GISdemoTest", "GISdemoTest\GISdemoTest.csproj", "{AB0F1FF7-054A-48B0-A569-0AF39BC88FF0}"
EndProject
Global
	GlobalSection(SolutionConfigurationPlatforms) = preSolution
		Debug|Any CPU = Debug|Any CPU
		Release|Any CPU = Release|Any CPU
	EndGlobalSection
	GlobalSection(ProjectConfigurationPlatforms) = postSolution
		{AB0F1FF7-054A-48B0-A569-0AF39BC88FF0}.Debug|Any CPU.ActiveCfg = Debug|Any CPU
		{AB0F1FF7-054A-48B0-A569-0AF39BC88FF0}.Debug|Any CPU.Build.0 = Debug|Any CPU
		{AB0F1FF7-054A-48B0-A569-0AF39BC88FF0}.Release|Any CPU.ActiveCfg = Release|Any CPU
		{AB0F1FF7-054A-48B0-A569-0AF39BC88FF0}.Release|Any CPU.Build.0 = Release|Any CPU
	EndGlobalSection
	GlobalSection(SolutionProperties) = preSolution
		HideSolutionNode = FALSE
	EndGlobalSection
	GlobalSection(ExtensibilityGlobals) = postSolution
		SolutionGuid = {4CF148A9-2ACA-487A-A8D2-8A1625C2E613}
	EndGlobalSection
EndGlobal
